<?xml version="1.0" encoding="utf-8"?>
<Project ToolsVersion="4.0" xmlns="http://schemas.microsoft.com/developer/msbuild/2003">
  <ItemGroup>
    <ClInclude Include="Engine.h">
      <Filter>Engine</Filter>
    </ClInclude>
    <ClInclude Include="GameObject.h">
      <Filter>Engine\GameObjects</Filter>
    </ClInclude>
    <ClInclude Include="InputManager.h">
      <Filter>Engine\Input</Filter>
    </ClInclude>
    <ClInclude Include="Scene.h">
      <Filter>Engine\Scenes</Filter>
    </ClInclude>
    <ClInclude Include="SceneManager.h">
      <Filter>Engine\Scenes</Filter>
    </ClInclude>
    <ClInclude Include="Font.h">
      <Filter>Engine\Helpers</Filter>
    </ClInclude>
    <ClInclude Include="Texture2D.h">
      <Filter>Engine\Helpers</Filter>
    </ClInclude>
    <ClInclude Include="Renderer.h">
      <Filter>Engine\Rendering</Filter>
    </ClInclude>
    <ClInclude Include="Singleton.h">
      <Filter>Engine\Helpers</Filter>
    </ClInclude>
    <ClInclude Include="ResourceManager.h">
      <Filter>Engine\Resources</Filter>
    </ClInclude>
    <ClInclude Include="EnginePCH.h">
      <Filter>Engine</Filter>
    </ClInclude>
    <ClInclude Include="Time.h">
      <Filter>Engine\Helpers</Filter>
    </ClInclude>
    <ClInclude Include="Logger.h">
      <Filter>Engine\Helpers</Filter>
    </ClInclude>
    <ClInclude Include="Component.h">
      <Filter>Engine\Components</Filter>
    </ClInclude>
    <ClInclude Include="TextComp.h">
      <Filter>Engine\Components</Filter>
    </ClInclude>
    <ClInclude Include="TransformComp.h">
      <Filter>Engine\Components</Filter>
    </ClInclude>
    <ClInclude Include="Subject.h">
      <Filter>Engine\Helpers</Filter>
    </ClInclude>
    <ClInclude Include="Observer.h">
      <Filter>Engine\Helpers</Filter>
    </ClInclude>
    <ClInclude Include="Events.h">
      <Filter>Engine\Helpers</Filter>
    </ClInclude>
    <ClInclude Include="Render2DComp.h">
      <Filter>Engine\Components</Filter>
    </ClInclude>
    <ClInclude Include="TextureComp.h">
      <Filter>Engine\Components</Filter>
    </ClInclude>
    <ClInclude Include="FPSComp.h">
      <Filter>Engine\Components</Filter>
    </ClInclude>
  </ItemGroup>
  <ItemGroup>
    <ClCompile Include="Main.cpp" />
    <ClCompile Include="Engine.cpp">
      <Filter>Engine</Filter>
    </ClCompile>
    <ClCompile Include="GameObject.cpp">
      <Filter>Engine\GameObjects</Filter>
    </ClCompile>
    <ClCompile Include="InputManager.cpp">
      <Filter>Engine\Input</Filter>
    </ClCompile>
    <ClCompile Include="Scene.cpp">
      <Filter>Engine\Scenes</Filter>
    </ClCompile>
    <ClCompile Include="SceneManager.cpp">
      <Filter>Engine\Scenes</Filter>
    </ClCompile>
    <ClCompile Include="Font.cpp">
      <Filter>Engine\Helpers</Filter>
    </ClCompile>
    <ClCompile Include="Texture2D.cpp">
      <Filter>Engine\Helpers</Filter>
    </ClCompile>
    <ClCompile Include="Renderer.cpp">
      <Filter>Engine\Rendering</Filter>
    </ClCompile>
    <ClCompile Include="ResourceManager.cpp">
      <Filter>Engine\Resources</Filter>
    </ClCompile>
    <ClCompile Include="EnginePCH.cpp">
      <Filter>Engine</Filter>
    </ClCompile>
    <ClCompile Include="Time.cpp">
      <Filter>Engine\Helpers</Filter>
    </ClCompile>
    <ClCompile Include="Logger.cpp">
      <Filter>Engine\Helpers</Filter>
    </ClCompile>
    <ClCompile Include="Component.cpp">
      <Filter>Engine\Components</Filter>
    </ClCompile>
    <ClCompile Include="TextComp.cpp">
      <Filter>Engine\Components</Filter>
    </ClCompile>
    <ClCompile Include="TextureComp.cpp">
      <Filter>Engine\Components</Filter>
    </ClCompile>
    <ClCompile Include="Render2DComp.cpp">
      <Filter>Engine\Components</Filter>
    </ClCompile>
    <ClCompile Include="FPSComp.cpp">
      <Filter>Engine\Components</Filter>
    </ClCompile>
  </ItemGroup>
  <ItemGroup>
    <Filter Include="Engine">
      <UniqueIdentifier>{651b4850-e4ee-418a-a0a9-773e9475d85f}</UniqueIdentifier>
    </Filter>
    <Filter Include="Engine\GameObjects">
      <UniqueIdentifier>{4a8a7d73-db46-4a74-b930-620382c394bb}</UniqueIdentifier>
    </Filter>
    <Filter Include="Engine\Input">
      <UniqueIdentifier>{e1fbce5a-8d13-490c-9b42-ffa4c039cbfc}</UniqueIdentifier>
    </Filter>
    <Filter Include="Engine\Scenes">
      <UniqueIdentifier>{dc422f5e-2981-4024-af8a-a730915d7688}</UniqueIdentifier>
    </Filter>
    <Filter Include="Engine\Helpers">
      <UniqueIdentifier>{299f4aca-739e-44a1-8c08-b0002a9812e8}</UniqueIdentifier>
    </Filter>
    <Filter Include="Engine\Rendering">
      <UniqueIdentifier>{6fa4250c-a868-4871-a915-e39371d2dec8}</UniqueIdentifier>
    </Filter>
    <Filter Include="Engine\Resources">
      <UniqueIdentifier>{f7a642f1-e6dc-4327-a759-d028f6e25f55}</UniqueIdentifier>
    </Filter>
    <Filter Include="Engine\Components">
      <UniqueIdentifier>{f4da3d1b-dbec-4907-a7b8-6052d299a3a6}</UniqueIdentifier>
    </Filter>
  </ItemGroup>
</Project>