<?xml version="1.0" encoding="utf-8"?>
<Project ToolsVersion="4.0" xmlns="http://schemas.microsoft.com/developer/msbuild/2003">
  <ItemGroup>
    <ClInclude Include="Engine.h">
      <Filter>Engine</Filter>
    </ClInclude>
    <ClInclude Include="GameObject.h">
      <Filter>Engine\GameObjects</Filter>
    </ClInclude>
    <ClInclude Include="InputManager.h">
      <Filter>Engine\Input</Filter>
    </ClInclude>
    <ClInclude Include="Scene.h">
      <Filter>Engine\Scenes</Filter>
    </ClInclude>
    <ClInclude Include="SceneManager.h">
      <Filter>Engine\Scenes</Filter>
    </ClInclude>
    <ClInclude Include="Renderer.h">
      <Filter>Engine\Rendering</Filter>
    </ClInclude>
    <ClInclude Include="ResourceManager.h">
      <Filter>Engine\Resources</Filter>
    </ClInclude>
    <ClInclude Include="EnginePCH.h">
      <Filter>Engine</Filter>
    </ClInclude>
    <ClInclude Include="Time.h">
      <Filter>Engine\Helpers</Filter>
    </ClInclude>
    <ClInclude Include="Logger.h">
      <Filter>Engine\Helpers</Filter>
    </ClInclude>
    <ClInclude Include="Component.h">
      <Filter>Engine\Components</Filter>
    </ClInclude>
    <ClInclude Include="Events.h">
      <Filter>Engine\Helpers\Patterns</Filter>
    </ClInclude>
    <ClInclude Include="Observer.h">
      <Filter>Engine\Helpers\Patterns</Filter>
    </ClInclude>
    <ClInclude Include="Singleton.h">
      <Filter>Engine\Helpers\Patterns</Filter>
    </ClInclude>
    <ClInclude Include="Subject.h">
      <Filter>Engine\Helpers\Patterns</Filter>
    </ClInclude>
    <ClInclude Include="Font.h">
      <Filter>Engine\Resources\ResourceTypes</Filter>
    </ClInclude>
    <ClInclude Include="Texture2D.h">
      <Filter>Engine\Resources\ResourceTypes</Filter>
    </ClInclude>
    <ClInclude Include="Resource.h">
      <Filter>Engine\Resources\ResourceTypes</Filter>
    </ClInclude>
    <ClInclude Include="..\3rdParty\imgui-1.87\imconfig.h">
      <Filter>imgui</Filter>
    </ClInclude>
    <ClInclude Include="..\3rdParty\imgui-1.87\imgui.h">
      <Filter>imgui</Filter>
    </ClInclude>
    <ClInclude Include="..\3rdParty\imgui-1.87\imgui_impl_opengl2.h">
      <Filter>imgui</Filter>
    </ClInclude>
    <ClInclude Include="..\3rdParty\imgui-1.87\imgui_impl_sdl.h">
      <Filter>imgui</Filter>
    </ClInclude>
    <ClInclude Include="..\3rdParty\imgui-1.87\imgui_internal.h">
      <Filter>imgui</Filter>
    </ClInclude>
    <ClInclude Include="..\3rdParty\imgui-1.87\imstb_rectpack.h">
      <Filter>imgui</Filter>
    </ClInclude>
    <ClInclude Include="..\3rdParty\imgui-1.87\imstb_textedit.h">
      <Filter>imgui</Filter>
    </ClInclude>
    <ClInclude Include="..\3rdParty\imgui-1.87\imstb_truetype.h">
      <Filter>imgui</Filter>
    </ClInclude>
    <ClInclude Include="Command.h">
      <Filter>Engine\Helpers\Patterns</Filter>
    </ClInclude>
    <ClInclude Include="SpriteComp.h">
      <Filter>Engine\Components\StandardComps</Filter>
    </ClInclude>
    <ClInclude Include="TextComp.h">
      <Filter>Engine\Components\StandardComps</Filter>
    </ClInclude>
    <ClInclude Include="TextureComp.h">
      <Filter>Engine\Components\StandardComps</Filter>
    </ClInclude>
    <ClInclude Include="TransformComp.h">
      <Filter>Engine\Components\StandardComps</Filter>
    </ClInclude>
    <ClInclude Include="HealthComp.h">
      <Filter>Engine\Components\GameComps</Filter>
    </ClInclude>
    <ClInclude Include="FPSComp.h">
      <Filter>Engine\Components\StandardComps</Filter>
    </ClInclude>
    <ClInclude Include="BurgerTimeLvl.h">
      <Filter>Engine\Scenes\GameScenes</Filter>
    </ClInclude>
    <ClInclude Include="LivesDisplayComp.h">
      <Filter>Engine\Components\GameComps</Filter>
    </ClInclude>
    <ClInclude Include="ScoreCounterComp.h">
      <Filter>Engine\Components\GameComps</Filter>
    </ClInclude>
    <ClInclude Include="TextRenderComp.h">
      <Filter>Engine\Components\StandardComps</Filter>
    </ClInclude>
    <ClInclude Include="TextureRenderComp.h">
      <Filter>Engine\Components\StandardComps</Filter>
    </ClInclude>
    <ClInclude Include="BurgerTimeStartMenu.h">
      <Filter>Engine\Scenes\GameScenes</Filter>
    </ClInclude>
    <ClInclude Include="MenuInputComp.h">
      <Filter>Engine\Components\GameComps</Filter>
    </ClInclude>
    <ClInclude Include="MenuComp.h">
      <Filter>Engine\Components\GameComps</Filter>
    </ClInclude>
    <ClInclude Include="MenuSelectionComp.h">
      <Filter>Engine\Components\GameComps\MenuSelectionComps</Filter>
    </ClInclude>
    <ClInclude Include="MenuSelectionStartComp.h">
      <Filter>Engine\Components\GameComps\MenuSelectionComps</Filter>
    </ClInclude>
    <ClInclude Include="MenuSelectionExitComp.h">
      <Filter>Engine\Components\GameComps\MenuSelectionComps</Filter>
    </ClInclude>
    <ClInclude Include="BurgerTimePauseMenu.h">
      <Filter>Engine\Scenes\GameScenes</Filter>
    </ClInclude>
    <ClInclude Include="MenuSelectionMainMenuComp.h">
      <Filter>Engine\Components\GameComps\MenuSelectionComps</Filter>
    </ClInclude>
    <ClInclude Include="EntityMoveComp.h">
      <Filter>Engine\Components\GameComps</Filter>
    </ClInclude>
    <ClInclude Include="HitboxComp.h">
      <Filter>Engine\Components\GameComps\Hitbox</Filter>
    </ClInclude>
    <ClInclude Include="HitboxManagerComp.h">
      <Filter>Engine\Components\GameComps\Hitbox</Filter>
    </ClInclude>
    <ClInclude Include="PlayerInputComp.h">
      <Filter>Engine\Components\GameComps</Filter>
    </ClInclude>
    <ClInclude Include="LevelLoaderComp.h">
      <Filter>Engine\Components\GameComps</Filter>
    </ClInclude>
    <ClInclude Include="IngredientManagerComp.h">
      <Filter>Engine\Components\GameComps</Filter>
    </ClInclude>
  </ItemGroup>
  <ItemGroup>
    <ClCompile Include="Main.cpp" />
    <ClCompile Include="Engine.cpp">
      <Filter>Engine</Filter>
    </ClCompile>
    <ClCompile Include="GameObject.cpp">
      <Filter>Engine\GameObjects</Filter>
    </ClCompile>
    <ClCompile Include="InputManager.cpp">
      <Filter>Engine\Input</Filter>
    </ClCompile>
    <ClCompile Include="Scene.cpp">
      <Filter>Engine\Scenes</Filter>
    </ClCompile>
    <ClCompile Include="SceneManager.cpp">
      <Filter>Engine\Scenes</Filter>
    </ClCompile>
    <ClCompile Include="Renderer.cpp">
      <Filter>Engine\Rendering</Filter>
    </ClCompile>
    <ClCompile Include="ResourceManager.cpp">
      <Filter>Engine\Resources</Filter>
    </ClCompile>
    <ClCompile Include="EnginePCH.cpp">
      <Filter>Engine</Filter>
    </ClCompile>
    <ClCompile Include="Time.cpp">
      <Filter>Engine\Helpers</Filter>
    </ClCompile>
    <ClCompile Include="Logger.cpp">
      <Filter>Engine\Helpers</Filter>
    </ClCompile>
    <ClCompile Include="Component.cpp">
      <Filter>Engine\Components</Filter>
    </ClCompile>
    <ClCompile Include="Font.cpp">
      <Filter>Engine\Resources\ResourceTypes</Filter>
    </ClCompile>
    <ClCompile Include="Texture2D.cpp">
      <Filter>Engine\Resources\ResourceTypes</Filter>
    </ClCompile>
    <ClCompile Include="Resource.cpp">
      <Filter>Engine\Resources\ResourceTypes</Filter>
    </ClCompile>
    <ClCompile Include="..\3rdParty\imgui-1.87\imgui.cpp">
      <Filter>imgui</Filter>
    </ClCompile>
    <ClCompile Include="..\3rdParty\imgui-1.87\imgui_demo.cpp">
      <Filter>imgui</Filter>
    </ClCompile>
    <ClCompile Include="..\3rdParty\imgui-1.87\imgui_draw.cpp">
      <Filter>imgui</Filter>
    </ClCompile>
    <ClCompile Include="..\3rdParty\imgui-1.87\imgui_impl_opengl2.cpp">
      <Filter>imgui</Filter>
    </ClCompile>
    <ClCompile Include="..\3rdParty\imgui-1.87\imgui_impl_sdl.cpp">
      <Filter>imgui</Filter>
    </ClCompile>
    <ClCompile Include="..\3rdParty\imgui-1.87\imgui_tables.cpp">
      <Filter>imgui</Filter>
    </ClCompile>
    <ClCompile Include="..\3rdParty\imgui-1.87\imgui_widgets.cpp">
      <Filter>imgui</Filter>
    </ClCompile>
    <ClCompile Include="SpriteComp.cpp">
      <Filter>Engine\Components\StandardComps</Filter>
    </ClCompile>
    <ClCompile Include="TextComp.cpp">
      <Filter>Engine\Components\StandardComps</Filter>
    </ClCompile>
    <ClCompile Include="TextureComp.cpp">
      <Filter>Engine\Components\StandardComps</Filter>
    </ClCompile>
    <ClCompile Include="TransformComp.cpp">
      <Filter>Engine\Components\StandardComps</Filter>
    </ClCompile>
    <ClCompile Include="HealthComp.cpp">
      <Filter>Engine\Components\GameComps</Filter>
    </ClCompile>
    <ClCompile Include="FPSComp.cpp">
      <Filter>Engine\Components\StandardComps</Filter>
    </ClCompile>
    <ClCompile Include="BurgerTimeLvl.cpp">
      <Filter>Engine\Scenes\GameScenes</Filter>
    </ClCompile>
    <ClCompile Include="LivesDisplayComp.cpp">
      <Filter>Engine\Components\GameComps</Filter>
    </ClCompile>
    <ClCompile Include="ScoreCounterComp.cpp">
      <Filter>Engine\Components\GameComps</Filter>
    </ClCompile>
    <ClCompile Include="TextRenderComp.cpp">
      <Filter>Engine\Components\StandardComps</Filter>
    </ClCompile>
    <ClCompile Include="TextureRenderComp.cpp">
      <Filter>Engine\Components\StandardComps</Filter>
    </ClCompile>
    <ClCompile Include="BurgerTimeStartMenu.cpp">
      <Filter>Engine\Scenes\GameScenes</Filter>
    </ClCompile>
    <ClCompile Include="MenuInputComp.cpp">
      <Filter>Engine\Components\GameComps</Filter>
    </ClCompile>
    <ClCompile Include="MenuComp.cpp">
      <Filter>Engine\Components\GameComps</Filter>
    </ClCompile>
    <ClCompile Include="MenuSelectionComp.cpp">
      <Filter>Engine\Components\GameComps\MenuSelectionComps</Filter>
    </ClCompile>
    <ClCompile Include="MenuSelectionStartComp.cpp">
      <Filter>Engine\Components\GameComps\MenuSelectionComps</Filter>
    </ClCompile>
    <ClCompile Include="MenuSelectionExitComp.cpp">
      <Filter>Engine\Components\GameComps\MenuSelectionComps</Filter>
    </ClCompile>
    <ClCompile Include="BurgerTimePauseMenu.cpp">
      <Filter>Engine\Scenes\GameScenes</Filter>
    </ClCompile>
    <ClCompile Include="MenuSelectionMainMenuComp.cpp">
      <Filter>Engine\Components\GameComps\MenuSelectionComps</Filter>
    </ClCompile>
    <ClCompile Include="EntityMoveComp.cpp">
      <Filter>Engine\Components\GameComps</Filter>
    </ClCompile>
    <ClCompile Include="HitboxComp.cpp">
      <Filter>Engine\Components\GameComps\Hitbox</Filter>
    </ClCompile>
    <ClCompile Include="HitboxManagerComp.cpp">
      <Filter>Engine\Components\GameComps\Hitbox</Filter>
    </ClCompile>
    <ClCompile Include="PlayerInputComp.cpp">
      <Filter>Engine\Components\GameComps</Filter>
    </ClCompile>
    <ClCompile Include="LevelLoaderComp.cpp">
      <Filter>Engine\Components\GameComps</Filter>
    </ClCompile>
    <ClCompile Include="IngredientManagerComp.cpp">
      <Filter>Engine\Components\GameComps</Filter>
    </ClCompile>
  </ItemGroup>
  <ItemGroup>
    <Filter Include="Engine">
      <UniqueIdentifier>{651b4850-e4ee-418a-a0a9-773e9475d85f}</UniqueIdentifier>
    </Filter>
    <Filter Include="Engine\GameObjects">
      <UniqueIdentifier>{4a8a7d73-db46-4a74-b930-620382c394bb}</UniqueIdentifier>
    </Filter>
    <Filter Include="Engine\Input">
      <UniqueIdentifier>{e1fbce5a-8d13-490c-9b42-ffa4c039cbfc}</UniqueIdentifier>
    </Filter>
    <Filter Include="Engine\Scenes">
      <UniqueIdentifier>{dc422f5e-2981-4024-af8a-a730915d7688}</UniqueIdentifier>
    </Filter>
    <Filter Include="Engine\Helpers">
      <UniqueIdentifier>{299f4aca-739e-44a1-8c08-b0002a9812e8}</UniqueIdentifier>
    </Filter>
    <Filter Include="Engine\Rendering">
      <UniqueIdentifier>{6fa4250c-a868-4871-a915-e39371d2dec8}</UniqueIdentifier>
    </Filter>
    <Filter Include="Engine\Resources">
      <UniqueIdentifier>{f7a642f1-e6dc-4327-a759-d028f6e25f55}</UniqueIdentifier>
    </Filter>
    <Filter Include="Engine\Components">
      <UniqueIdentifier>{f4da3d1b-dbec-4907-a7b8-6052d299a3a6}</UniqueIdentifier>
    </Filter>
    <Filter Include="Engine\Helpers\Patterns">
      <UniqueIdentifier>{2ca845c3-4fe2-4757-a0f1-6fca8ceafc60}</UniqueIdentifier>
    </Filter>
    <Filter Include="Engine\Resources\ResourceTypes">
      <UniqueIdentifier>{a17f249a-9050-499d-b52f-777537bfffb6}</UniqueIdentifier>
    </Filter>
    <Filter Include="imgui">
      <UniqueIdentifier>{024e24cf-1a84-49fd-b76d-3d31647f791b}</UniqueIdentifier>
    </Filter>
    <Filter Include="Engine\Components\StandardComps">
      <UniqueIdentifier>{891d6783-1a53-44c4-8069-dfec15db9883}</UniqueIdentifier>
    </Filter>
    <Filter Include="Engine\Components\GameComps">
      <UniqueIdentifier>{6620dbb8-cd61-49ca-963c-b073948d4b19}</UniqueIdentifier>
    </Filter>
    <Filter Include="Engine\Scenes\GameScenes">
      <UniqueIdentifier>{06dfc8a0-fdef-43a5-bb2b-7ae7ba3b2e28}</UniqueIdentifier>
    </Filter>
    <Filter Include="Engine\Components\GameComps\MenuSelectionComps">
      <UniqueIdentifier>{b0dac77e-ef17-4f28-8f85-2fd71680b0dc}</UniqueIdentifier>
    </Filter>
    <Filter Include="Engine\Components\GameComps\Hitbox">
      <UniqueIdentifier>{9067f613-d94b-4273-b654-8e2ff2db9296}</UniqueIdentifier>
    </Filter>
  </ItemGroup>
</Project>